
Microsoft Visual Studio Solution File, Format Version 12.00
# Visual Studio Version 17
VisualStudioVersion = 17.9.34607.119
MinimumVisualStudioVersion = 10.0.40219.1
Project("{FAE04EC0-301F-11D3-BF4B-00C04F79EFBC}") = "Screen-Sound-2.0", "Screen-Sound-2.0\Screen-Sound-2.0.csproj", "{172677A9-EC21-467C-8B24-7EF630149463}"
EndProject
Global
	GlobalSection(SolutionConfigurationPlatforms) = preSolution
		Debug|Any CPU = Debug|Any CPU
		Release|Any CPU = Release|Any CPU
	EndGlobalSection
	GlobalSection(ProjectConfigurationPlatforms) = postSolution
		{172677A9-EC21-467C-8B24-7EF630149463}.Debug|Any CPU.ActiveCfg = Debug|Any CPU
		{172677A9-EC21-467C-8B24-7EF630149463}.Debug|Any CPU.Build.0 = Debug|Any CPU
		{172677A9-EC21-467C-8B24-7EF630149463}.Release|Any CPU.ActiveCfg = Release|Any CPU
		{172677A9-EC21-467C-8B24-7EF630149463}.Release|Any CPU.Build.0 = Release|Any CPU
	EndGlobalSection
	GlobalSection(SolutionProperties) = preSolution
		HideSolutionNode = FALSE
	EndGlobalSection
	GlobalSection(ExtensibilityGlobals) = postSolution
		SolutionGuid = {5946E6BD-CCFF-4441-B61D-C024322EFAA0}
	EndGlobalSection
EndGlobal
